
Microsoft Visual Studio Solution File, Format Version 12.00
# Visual Studio Version 16
VisualStudioVersion = 16.0.29424.173
MinimumVisualStudioVersion = 10.0.40219.1
Project("{FAE04EC0-301F-11D3-BF4B-00C04F79EFBC}") = "WFA_SayisalLoto", "WFA_SayisalLoto\WFA_SayisalLoto.csproj", "{3D85E6CC-AD32-4DDB-82D6-AA5A6E1D27B3}"
EndProject
Global
	GlobalSection(SolutionConfigurationPlatforms) = preSolution
		Debug|Any CPU = Debug|Any CPU
		Release|Any CPU = Release|Any CPU
	EndGlobalSection
	GlobalSection(ProjectConfigurationPlatforms) = postSolution
		{3D85E6CC-AD32-4DDB-82D6-AA5A6E1D27B3}.Debug|Any CPU.ActiveCfg = Debug|Any CPU
		{3D85E6CC-AD32-4DDB-82D6-AA5A6E1D27B3}.Debug|Any CPU.Build.0 = Debug|Any CPU
		{3D85E6CC-AD32-4DDB-82D6-AA5A6E1D27B3}.Release|Any CPU.ActiveCfg = Release|Any CPU
		{3D85E6CC-AD32-4DDB-82D6-AA5A6E1D27B3}.Release|Any CPU.Build.0 = Release|Any CPU
	EndGlobalSection
	GlobalSection(SolutionProperties) = preSolution
		HideSolutionNode = FALSE
	EndGlobalSection
	GlobalSection(ExtensibilityGlobals) = postSolution
		SolutionGuid = {9E1CD074-0E3C-4023-8853-F8F9C96E02A6}
	EndGlobalSection
EndGlobal
